// !$*UTF8*$!
{
	archiveVersion = 1;
	classes = {
	};
	objectVersion = 46;
	objects = {

/* Begin PBXBuildFile section */
		3D2495A81F7E2EDD0058D85B /* AppDelegate.swift in Sources */ = {isa = PBXBuildFile; fileRef = 3D2495A71F7E2EDD0058D85B /* AppDelegate.swift */; };
		3D2495AD1F7E2EDD0058D85B /* Main.storyboard in Resources */ = {isa = PBXBuildFile; fileRef = 3D2495AB1F7E2EDD0058D85B /* Main.storyboard */; };
		3D2495AF1F7E2EDD0058D85B /* Assets.xcassets in Resources */ = {isa = PBXBuildFile; fileRef = 3D2495AE1F7E2EDD0058D85B /* Assets.xcassets */; };
		3D2495B21F7E2EDD0058D85B /* LaunchScreen.storyboard in Resources */ = {isa = PBXBuildFile; fileRef = 3D2495B01F7E2EDD0058D85B /* LaunchScreen.storyboard */; };
		3D2495BD1F7E2EDD0058D85B /* MedQuizTests.swift in Sources */ = {isa = PBXBuildFile; fileRef = 3D2495BC1F7E2EDD0058D85B /* MedQuizTests.swift */; };
		3D2495C81F7E2EDD0058D85B /* MedQuizUITests.swift in Sources */ = {isa = PBXBuildFile; fileRef = 3D2495C71F7E2EDD0058D85B /* MedQuizUITests.swift */; };
		3D77A1401FB50968009178A1 /* AboutVC.swift in Sources */ = {isa = PBXBuildFile; fileRef = 3D77A13F1FB50968009178A1 /* AboutVC.swift */; };
		3D77A1421FB50987009178A1 /* ProfileVC.swift in Sources */ = {isa = PBXBuildFile; fileRef = 3D77A1411FB50987009178A1 /* ProfileVC.swift */; };
		3D77A1441FB509A7009178A1 /* ChangeAvatarVC.swift in Sources */ = {isa = PBXBuildFile; fileRef = 3D77A1431FB509A7009178A1 /* ChangeAvatarVC.swift */; };
		3D77A1461FB50A59009178A1 /* AddFriendsVC.swift in Sources */ = {isa = PBXBuildFile; fileRef = 3D77A1451FB50A59009178A1 /* AddFriendsVC.swift */; };
		3D77A1481FB50AA1009178A1 /* QuizVC.swift in Sources */ = {isa = PBXBuildFile; fileRef = 3D77A1471FB50AA1009178A1 /* QuizVC.swift */; };
		3D77A14A1FB50AB0009178A1 /* QuizActivityVC.swift in Sources */ = {isa = PBXBuildFile; fileRef = 3D77A1491FB50AB0009178A1 /* QuizActivityVC.swift */; };
		3D77A14C1FB50AC0009178A1 /* QuizSearchVC.swift in Sources */ = {isa = PBXBuildFile; fileRef = 3D77A14B1FB50AC0009178A1 /* QuizSearchVC.swift */; };
		3D77A14E1FB50ADC009178A1 /* LeaderboardVC.swift in Sources */ = {isa = PBXBuildFile; fileRef = 3D77A14D1FB50ADC009178A1 /* LeaderboardVC.swift */; };
		3D77A15D1FB57FF1009178A1 /* SideBarCell.swift in Sources */ = {isa = PBXBuildFile; fileRef = 3D77A15B1FB57FF1009178A1 /* SideBarCell.swift */; };
		3D77A15E1FB57FF1009178A1 /* SideBarCell.xib in Resources */ = {isa = PBXBuildFile; fileRef = 3D77A15C1FB57FF1009178A1 /* SideBarCell.xib */; };
		3D8C84311FBA898200FA2AD0 /* LoginStoryboard.storyboard in Resources */ = {isa = PBXBuildFile; fileRef = 3D8C84301FBA898200FA2AD0 /* LoginStoryboard.storyboard */; };
		3D8C84331FBA8A2D00FA2AD0 /* LoginVC.swift in Sources */ = {isa = PBXBuildFile; fileRef = 3D8C84321FBA8A2D00FA2AD0 /* LoginVC.swift */; };
		7FB8F6B61FB25BDF005C2426 /* SideBar.swift in Sources */ = {isa = PBXBuildFile; fileRef = 7FB8F6B51FB25BDF005C2426 /* SideBar.swift */; };
		DAB359351FBACA2100D5A959 /* QuizModel.swift in Sources */ = {isa = PBXBuildFile; fileRef = DAB359341FBACA2100D5A959 /* QuizModel.swift */; };
		DAB359371FBACA3600D5A959 /* QuestionModel.swift in Sources */ = {isa = PBXBuildFile; fileRef = DAB359361FBACA3600D5A959 /* QuestionModel.swift */; };
		DAED09811FB4F67D003575B0 /* QuizStoryboard.storyboard in Resources */ = {isa = PBXBuildFile; fileRef = DAED09801FB4F67D003575B0 /* QuizStoryboard.storyboard */; };
		DAED09831FB4F68D003575B0 /* LeaderboardStoryboard.storyboard in Resources */ = {isa = PBXBuildFile; fileRef = DAED09821FB4F68D003575B0 /* LeaderboardStoryboard.storyboard */; };
		DAED09851FB4F699003575B0 /* ProfileStoryboard.storyboard in Resources */ = {isa = PBXBuildFile; fileRef = DAED09841FB4F699003575B0 /* ProfileStoryboard.storyboard */; };
		DAED09871FB4F6B1003575B0 /* AboutStoryboard.storyboard in Resources */ = {isa = PBXBuildFile; fileRef = DAED09861FB4F6B1003575B0 /* AboutStoryboard.storyboard */; };
/* End PBXBuildFile section */

/* Begin PBXContainerItemProxy section */
		3D2495B91F7E2EDD0058D85B /* PBXContainerItemProxy */ = {
			isa = PBXContainerItemProxy;
			containerPortal = 3D24959C1F7E2EDC0058D85B /* Project object */;
			proxyType = 1;
			remoteGlobalIDString = 3D2495A31F7E2EDD0058D85B;
			remoteInfo = MedQuiz;
		};
		3D2495C41F7E2EDD0058D85B /* PBXContainerItemProxy */ = {
			isa = PBXContainerItemProxy;
			containerPortal = 3D24959C1F7E2EDC0058D85B /* Project object */;
			proxyType = 1;
			remoteGlobalIDString = 3D2495A31F7E2EDD0058D85B;
			remoteInfo = MedQuiz;
		};
/* End PBXContainerItemProxy section */

/* Begin PBXFileReference section */
		3D2495A41F7E2EDD0058D85B /* MedQuiz.app */ = {isa = PBXFileReference; explicitFileType = wrapper.application; includeInIndex = 0; path = MedQuiz.app; sourceTree = BUILT_PRODUCTS_DIR; };
		3D2495A71F7E2EDD0058D85B /* AppDelegate.swift */ = {isa = PBXFileReference; lastKnownFileType = sourcecode.swift; path = AppDelegate.swift; sourceTree = "<group>"; };
		3D2495AC1F7E2EDD0058D85B /* Base */ = {isa = PBXFileReference; lastKnownFileType = file.storyboard; name = Base; path = Base.lproj/Main.storyboard; sourceTree = "<group>"; };
		3D2495AE1F7E2EDD0058D85B /* Assets.xcassets */ = {isa = PBXFileReference; lastKnownFileType = folder.assetcatalog; path = Assets.xcassets; sourceTree = "<group>"; };
		3D2495B11F7E2EDD0058D85B /* Base */ = {isa = PBXFileReference; lastKnownFileType = file.storyboard; name = Base; path = Base.lproj/LaunchScreen.storyboard; sourceTree = "<group>"; };
		3D2495B31F7E2EDD0058D85B /* Info.plist */ = {isa = PBXFileReference; lastKnownFileType = text.plist.xml; path = Info.plist; sourceTree = "<group>"; };
		3D2495B81F7E2EDD0058D85B /* MedQuizTests.xctest */ = {isa = PBXFileReference; explicitFileType = wrapper.cfbundle; includeInIndex = 0; path = MedQuizTests.xctest; sourceTree = BUILT_PRODUCTS_DIR; };
		3D2495BC1F7E2EDD0058D85B /* MedQuizTests.swift */ = {isa = PBXFileReference; lastKnownFileType = sourcecode.swift; path = MedQuizTests.swift; sourceTree = "<group>"; };
		3D2495BE1F7E2EDD0058D85B /* Info.plist */ = {isa = PBXFileReference; lastKnownFileType = text.plist.xml; path = Info.plist; sourceTree = "<group>"; };
		3D2495C31F7E2EDD0058D85B /* MedQuizUITests.xctest */ = {isa = PBXFileReference; explicitFileType = wrapper.cfbundle; includeInIndex = 0; path = MedQuizUITests.xctest; sourceTree = BUILT_PRODUCTS_DIR; };
		3D2495C71F7E2EDD0058D85B /* MedQuizUITests.swift */ = {isa = PBXFileReference; lastKnownFileType = sourcecode.swift; path = MedQuizUITests.swift; sourceTree = "<group>"; };
		3D2495C91F7E2EDD0058D85B /* Info.plist */ = {isa = PBXFileReference; lastKnownFileType = text.plist.xml; path = Info.plist; sourceTree = "<group>"; };
		3D77A13F1FB50968009178A1 /* AboutVC.swift */ = {isa = PBXFileReference; lastKnownFileType = sourcecode.swift; path = AboutVC.swift; sourceTree = "<group>"; };
		3D77A1411FB50987009178A1 /* ProfileVC.swift */ = {isa = PBXFileReference; lastKnownFileType = sourcecode.swift; path = ProfileVC.swift; sourceTree = "<group>"; };
		3D77A1431FB509A7009178A1 /* ChangeAvatarVC.swift */ = {isa = PBXFileReference; lastKnownFileType = sourcecode.swift; path = ChangeAvatarVC.swift; sourceTree = "<group>"; };
		3D77A1451FB50A59009178A1 /* AddFriendsVC.swift */ = {isa = PBXFileReference; lastKnownFileType = sourcecode.swift; path = AddFriendsVC.swift; sourceTree = "<group>"; };
		3D77A1471FB50AA1009178A1 /* QuizVC.swift */ = {isa = PBXFileReference; lastKnownFileType = sourcecode.swift; path = QuizVC.swift; sourceTree = "<group>"; };
		3D77A1491FB50AB0009178A1 /* QuizActivityVC.swift */ = {isa = PBXFileReference; lastKnownFileType = sourcecode.swift; path = QuizActivityVC.swift; sourceTree = "<group>"; };
		3D77A14B1FB50AC0009178A1 /* QuizSearchVC.swift */ = {isa = PBXFileReference; lastKnownFileType = sourcecode.swift; path = QuizSearchVC.swift; sourceTree = "<group>"; };
		3D77A14D1FB50ADC009178A1 /* LeaderboardVC.swift */ = {isa = PBXFileReference; lastKnownFileType = sourcecode.swift; path = LeaderboardVC.swift; sourceTree = "<group>"; };
		3D77A15B1FB57FF1009178A1 /* SideBarCell.swift */ = {isa = PBXFileReference; lastKnownFileType = sourcecode.swift; path = SideBarCell.swift; sourceTree = "<group>"; };
		3D77A15C1FB57FF1009178A1 /* SideBarCell.xib */ = {isa = PBXFileReference; lastKnownFileType = file.xib; path = SideBarCell.xib; sourceTree = "<group>"; };
		3D8C84301FBA898200FA2AD0 /* LoginStoryboard.storyboard */ = {isa = PBXFileReference; lastKnownFileType = file.storyboard; path = LoginStoryboard.storyboard; sourceTree = "<group>"; };
		3D8C84321FBA8A2D00FA2AD0 /* LoginVC.swift */ = {isa = PBXFileReference; lastKnownFileType = sourcecode.swift; path = LoginVC.swift; sourceTree = "<group>"; };
		7FB8F6B51FB25BDF005C2426 /* SideBar.swift */ = {isa = PBXFileReference; lastKnownFileType = sourcecode.swift; path = SideBar.swift; sourceTree = "<group>"; };
		DAB359341FBACA2100D5A959 /* QuizModel.swift */ = {isa = PBXFileReference; lastKnownFileType = sourcecode.swift; path = QuizModel.swift; sourceTree = "<group>"; };
		DAB359361FBACA3600D5A959 /* QuestionModel.swift */ = {isa = PBXFileReference; lastKnownFileType = sourcecode.swift; path = QuestionModel.swift; sourceTree = "<group>"; };
		DAED09801FB4F67D003575B0 /* QuizStoryboard.storyboard */ = {isa = PBXFileReference; lastKnownFileType = file.storyboard; path = QuizStoryboard.storyboard; sourceTree = "<group>"; };
		DAED09821FB4F68D003575B0 /* LeaderboardStoryboard.storyboard */ = {isa = PBXFileReference; lastKnownFileType = file.storyboard; path = LeaderboardStoryboard.storyboard; sourceTree = "<group>"; };
		DAED09841FB4F699003575B0 /* ProfileStoryboard.storyboard */ = {isa = PBXFileReference; lastKnownFileType = file.storyboard; path = ProfileStoryboard.storyboard; sourceTree = "<group>"; };
		DAED09861FB4F6B1003575B0 /* AboutStoryboard.storyboard */ = {isa = PBXFileReference; lastKnownFileType = file.storyboard; path = AboutStoryboard.storyboard; sourceTree = "<group>"; };
/* End PBXFileReference section */

/* Begin PBXFrameworksBuildPhase section */
		3D2495A11F7E2EDD0058D85B /* Frameworks */ = {
			isa = PBXFrameworksBuildPhase;
			buildActionMask = 2147483647;
			files = (
			);
			runOnlyForDeploymentPostprocessing = 0;
		};
		3D2495B51F7E2EDD0058D85B /* Frameworks */ = {
			isa = PBXFrameworksBuildPhase;
			buildActionMask = 2147483647;
			files = (
			);
			runOnlyForDeploymentPostprocessing = 0;
		};
		3D2495C01F7E2EDD0058D85B /* Frameworks */ = {
			isa = PBXFrameworksBuildPhase;
			buildActionMask = 2147483647;
			files = (
			);
			runOnlyForDeploymentPostprocessing = 0;
		};
/* End PBXFrameworksBuildPhase section */

/* Begin PBXGroup section */
		3D24959B1F7E2EDC0058D85B = {
			isa = PBXGroup;
			children = (
				3D2495A61F7E2EDD0058D85B /* MedQuiz */,
				3D2495BB1F7E2EDD0058D85B /* MedQuizTests */,
				3D2495C61F7E2EDD0058D85B /* MedQuizUITests */,
				3D2495A51F7E2EDD0058D85B /* Products */,
			);
			sourceTree = "<group>";
		};
		3D2495A51F7E2EDD0058D85B /* Products */ = {
			isa = PBXGroup;
			children = (
				3D2495A41F7E2EDD0058D85B /* MedQuiz.app */,
				3D2495B81F7E2EDD0058D85B /* MedQuizTests.xctest */,
				3D2495C31F7E2EDD0058D85B /* MedQuizUITests.xctest */,
			);
			name = Products;
			sourceTree = "<group>";
		};
		3D2495A61F7E2EDD0058D85B /* MedQuiz */ = {
			isa = PBXGroup;
			children = (
				3D2495B01F7E2EDD0058D85B /* LaunchScreen.storyboard */,
				3D2495AB1F7E2EDD0058D85B /* Main.storyboard */,
				3D8C842F1FBA896300FA2AD0 /* Login */,
				3D77A1381FB505F2009178A1 /* Quiz */,
				3D77A13B1FB5061B009178A1 /* Leaderboard */,
				3D77A1391FB50601009178A1 /* Profile */,
				3D77A13A1FB50612009178A1 /* About */,
				3D77A13C1FB50783009178A1 /* Sidebar Navigation */,
				3D2495AE1F7E2EDD0058D85B /* Assets.xcassets */,
				3D2495A71F7E2EDD0058D85B /* AppDelegate.swift */,
				3D2495B31F7E2EDD0058D85B /* Info.plist */,
			);
			path = MedQuiz;
			sourceTree = "<group>";
		};
		3D2495BB1F7E2EDD0058D85B /* MedQuizTests */ = {
			isa = PBXGroup;
			children = (
				3D2495BC1F7E2EDD0058D85B /* MedQuizTests.swift */,
				3D2495BE1F7E2EDD0058D85B /* Info.plist */,
			);
			path = MedQuizTests;
			sourceTree = "<group>";
		};
		3D2495C61F7E2EDD0058D85B /* MedQuizUITests */ = {
			isa = PBXGroup;
			children = (
				3D2495C71F7E2EDD0058D85B /* MedQuizUITests.swift */,
				3D2495C91F7E2EDD0058D85B /* Info.plist */,
			);
			path = MedQuizUITests;
			sourceTree = "<group>";
		};
		3D77A1381FB505F2009178A1 /* Quiz */ = {
			isa = PBXGroup;
			children = (
				DAED09801FB4F67D003575B0 /* QuizStoryboard.storyboard */,
				3D77A1471FB50AA1009178A1 /* QuizVC.swift */,
				3D77A14B1FB50AC0009178A1 /* QuizSearchVC.swift */,
				3D77A1491FB50AB0009178A1 /* QuizActivityVC.swift */,
				DAB359341FBACA2100D5A959 /* QuizModel.swift */,
				DAB359361FBACA3600D5A959 /* QuestionModel.swift */,
			);
			path = Quiz;
			sourceTree = "<group>";
		};
		3D77A1391FB50601009178A1 /* Profile */ = {
			isa = PBXGroup;
			children = (
				DAED09841FB4F699003575B0 /* ProfileStoryboard.storyboard */,
				3D77A1411FB50987009178A1 /* ProfileVC.swift */,
				3D77A1431FB509A7009178A1 /* ChangeAvatarVC.swift */,
				3D77A1451FB50A59009178A1 /* AddFriendsVC.swift */,
			);
			path = Profile;
			sourceTree = "<group>";
		};
		3D77A13A1FB50612009178A1 /* About */ = {
			isa = PBXGroup;
			children = (
				DAED09861FB4F6B1003575B0 /* AboutStoryboard.storyboard */,
				3D77A13F1FB50968009178A1 /* AboutVC.swift */,
			);
			path = About;
			sourceTree = "<group>";
		};
		3D77A13B1FB5061B009178A1 /* Leaderboard */ = {
			isa = PBXGroup;
			children = (
				DAED09821FB4F68D003575B0 /* LeaderboardStoryboard.storyboard */,
				3D77A14D1FB50ADC009178A1 /* LeaderboardVC.swift */,
			);
			path = Leaderboard;
			sourceTree = "<group>";
		};
		3D77A13C1FB50783009178A1 /* Sidebar Navigation */ = {
			isa = PBXGroup;
			children = (
				7FB8F6B51FB25BDF005C2426 /* SideBar.swift */,
				3D77A15B1FB57FF1009178A1 /* SideBarCell.swift */,
				3D77A15C1FB57FF1009178A1 /* SideBarCell.xib */,
			);
			path = "Sidebar Navigation";
			sourceTree = "<group>";
		};
		3D8C842F1FBA896300FA2AD0 /* Login */ = {
			isa = PBXGroup;
			children = (
				3D8C84301FBA898200FA2AD0 /* LoginStoryboard.storyboard */,
				3D8C84321FBA8A2D00FA2AD0 /* LoginVC.swift */,
			);
			path = Login;
			sourceTree = "<group>";
		};
/* End PBXGroup section */

/* Begin PBXNativeTarget section */
		3D2495A31F7E2EDD0058D85B /* MedQuiz */ = {
			isa = PBXNativeTarget;
			buildConfigurationList = 3D2495CC1F7E2EDD0058D85B /* Build configuration list for PBXNativeTarget "MedQuiz" */;
			buildPhases = (
				3D2495A01F7E2EDD0058D85B /* Sources */,
				3D2495A11F7E2EDD0058D85B /* Frameworks */,
				3D2495A21F7E2EDD0058D85B /* Resources */,
			);
			buildRules = (
			);
			dependencies = (
			);
			name = MedQuiz;
			productName = MedQuiz;
			productReference = 3D2495A41F7E2EDD0058D85B /* MedQuiz.app */;
			productType = "com.apple.product-type.application";
		};
		3D2495B71F7E2EDD0058D85B /* MedQuizTests */ = {
			isa = PBXNativeTarget;
			buildConfigurationList = 3D2495CF1F7E2EDD0058D85B /* Build configuration list for PBXNativeTarget "MedQuizTests" */;
			buildPhases = (
				3D2495B41F7E2EDD0058D85B /* Sources */,
				3D2495B51F7E2EDD0058D85B /* Frameworks */,
				3D2495B61F7E2EDD0058D85B /* Resources */,
			);
			buildRules = (
			);
			dependencies = (
				3D2495BA1F7E2EDD0058D85B /* PBXTargetDependency */,
			);
			name = MedQuizTests;
			productName = MedQuizTests;
			productReference = 3D2495B81F7E2EDD0058D85B /* MedQuizTests.xctest */;
			productType = "com.apple.product-type.bundle.unit-test";
		};
		3D2495C21F7E2EDD0058D85B /* MedQuizUITests */ = {
			isa = PBXNativeTarget;
			buildConfigurationList = 3D2495D21F7E2EDD0058D85B /* Build configuration list for PBXNativeTarget "MedQuizUITests" */;
			buildPhases = (
				3D2495BF1F7E2EDD0058D85B /* Sources */,
				3D2495C01F7E2EDD0058D85B /* Frameworks */,
				3D2495C11F7E2EDD0058D85B /* Resources */,
			);
			buildRules = (
			);
			dependencies = (
				3D2495C51F7E2EDD0058D85B /* PBXTargetDependency */,
			);
			name = MedQuizUITests;
			productName = MedQuizUITests;
			productReference = 3D2495C31F7E2EDD0058D85B /* MedQuizUITests.xctest */;
			productType = "com.apple.product-type.bundle.ui-testing";
		};
/* End PBXNativeTarget section */

/* Begin PBXProject section */
		3D24959C1F7E2EDC0058D85B /* Project object */ = {
			isa = PBXProject;
			attributes = {
				LastSwiftUpdateCheck = 0830;
				LastUpgradeCheck = 0830;
				ORGANIZATIONNAME = "Omar Sherief";
				TargetAttributes = {
					3D2495A31F7E2EDD0058D85B = {
						CreatedOnToolsVersion = 8.3.3;
						DevelopmentTeam = A8E56ATQFS;
						ProvisioningStyle = Automatic;
					};
					3D2495B71F7E2EDD0058D85B = {
						CreatedOnToolsVersion = 8.3.3;
						ProvisioningStyle = Automatic;
						TestTargetID = 3D2495A31F7E2EDD0058D85B;
					};
					3D2495C21F7E2EDD0058D85B = {
						CreatedOnToolsVersion = 8.3.3;
						ProvisioningStyle = Automatic;
						TestTargetID = 3D2495A31F7E2EDD0058D85B;
					};
				};
			};
			buildConfigurationList = 3D24959F1F7E2EDC0058D85B /* Build configuration list for PBXProject "MedQuiz" */;
			compatibilityVersion = "Xcode 3.2";
			developmentRegion = English;
			hasScannedForEncodings = 0;
			knownRegions = (
				en,
				Base,
			);
			mainGroup = 3D24959B1F7E2EDC0058D85B;
			productRefGroup = 3D2495A51F7E2EDD0058D85B /* Products */;
			projectDirPath = "";
			projectRoot = "";
			targets = (
				3D2495A31F7E2EDD0058D85B /* MedQuiz */,
				3D2495B71F7E2EDD0058D85B /* MedQuizTests */,
				3D2495C21F7E2EDD0058D85B /* MedQuizUITests */,
			);
		};
/* End PBXProject section */

/* Begin PBXResourcesBuildPhase section */
		3D2495A21F7E2EDD0058D85B /* Resources */ = {
			isa = PBXResourcesBuildPhase;
			buildActionMask = 2147483647;
			files = (
				3D8C84311FBA898200FA2AD0 /* LoginStoryboard.storyboard in Resources */,
				DAED09831FB4F68D003575B0 /* LeaderboardStoryboard.storyboard in Resources */,
				3D2495B21F7E2EDD0058D85B /* LaunchScreen.storyboard in Resources */,
				3D77A15E1FB57FF1009178A1 /* SideBarCell.xib in Resources */,
				3D2495AF1F7E2EDD0058D85B /* Assets.xcassets in Resources */,
				DAED09871FB4F6B1003575B0 /* AboutStoryboard.storyboard in Resources */,
				DAED09851FB4F699003575B0 /* ProfileStoryboard.storyboard in Resources */,
				DAED09811FB4F67D003575B0 /* QuizStoryboard.storyboard in Resources */,
				3D2495AD1F7E2EDD0058D85B /* Main.storyboard in Resources */,
			);
			runOnlyForDeploymentPostprocessing = 0;
		};
		3D2495B61F7E2EDD0058D85B /* Resources */ = {
			isa = PBXResourcesBuildPhase;
			buildActionMask = 2147483647;
			files = (
			);
			runOnlyForDeploymentPostprocessing = 0;
		};
		3D2495C11F7E2EDD0058D85B /* Resources */ = {
			isa = PBXResourcesBuildPhase;
			buildActionMask = 2147483647;
			files = (
			);
			runOnlyForDeploymentPostprocessing = 0;
		};
/* End PBXResourcesBuildPhase section */

/* Begin PBXSourcesBuildPhase section */
		3D2495A01F7E2EDD0058D85B /* Sources */ = {
			isa = PBXSourcesBuildPhase;
			buildActionMask = 2147483647;
			files = (
				3D77A14E1FB50ADC009178A1 /* LeaderboardVC.swift in Sources */,
				3D77A14C1FB50AC0009178A1 /* QuizSearchVC.swift in Sources */,
				3D8C84331FBA8A2D00FA2AD0 /* LoginVC.swift in Sources */,
				3D77A1421FB50987009178A1 /* ProfileVC.swift in Sources */,
				3D77A1461FB50A59009178A1 /* AddFriendsVC.swift in Sources */,
				3D77A1401FB50968009178A1 /* AboutVC.swift in Sources */,
				3D77A1481FB50AA1009178A1 /* QuizVC.swift in Sources */,
				DAB359371FBACA3600D5A959 /* QuestionModel.swift in Sources */,
				DAB359351FBACA2100D5A959 /* QuizModel.swift in Sources */,
				3D2495A81F7E2EDD0058D85B /* AppDelegate.swift in Sources */,
				3D77A1441FB509A7009178A1 /* ChangeAvatarVC.swift in Sources */,
				7FB8F6B61FB25BDF005C2426 /* SideBar.swift in Sources */,
				3D77A14A1FB50AB0009178A1 /* QuizActivityVC.swift in Sources */,
				3D77A15D1FB57FF1009178A1 /* SideBarCell.swift in Sources */,
			);
			runOnlyForDeploymentPostprocessing = 0;
		};
		3D2495B41F7E2EDD0058D85B /* Sources */ = {
			isa = PBXSourcesBuildPhase;
			buildActionMask = 2147483647;
			files = (
				3D2495BD1F7E2EDD0058D85B /* MedQuizTests.swift in Sources */,
			);
			runOnlyForDeploymentPostprocessing = 0;
		};
		3D2495BF1F7E2EDD0058D85B /* Sources */ = {
			isa = PBXSourcesBuildPhase;
			buildActionMask = 2147483647;
			files = (
				3D2495C81F7E2EDD0058D85B /* MedQuizUITests.swift in Sources */,
			);
			runOnlyForDeploymentPostprocessing = 0;
		};
/* End PBXSourcesBuildPhase section */

/* Begin PBXTargetDependency section */
		3D2495BA1F7E2EDD0058D85B /* PBXTargetDependency */ = {
			isa = PBXTargetDependency;
			target = 3D2495A31F7E2EDD0058D85B /* MedQuiz */;
			targetProxy = 3D2495B91F7E2EDD0058D85B /* PBXContainerItemProxy */;
		};
		3D2495C51F7E2EDD0058D85B /* PBXTargetDependency */ = {
			isa = PBXTargetDependency;
			target = 3D2495A31F7E2EDD0058D85B /* MedQuiz */;
			targetProxy = 3D2495C41F7E2EDD0058D85B /* PBXContainerItemProxy */;
		};
/* End PBXTargetDependency section */

/* Begin PBXVariantGroup section */
		3D2495AB1F7E2EDD0058D85B /* Main.storyboard */ = {
			isa = PBXVariantGroup;
			children = (
				3D2495AC1F7E2EDD0058D85B /* Base */,
			);
			name = Main.storyboard;
			sourceTree = "<group>";
		};
		3D2495B01F7E2EDD0058D85B /* LaunchScreen.storyboard */ = {
			isa = PBXVariantGroup;
			children = (
				3D2495B11F7E2EDD0058D85B /* Base */,
			);
			name = LaunchScreen.storyboard;
			sourceTree = "<group>";
		};
/* End PBXVariantGroup section */

/* Begin XCBuildConfiguration section */
		3D2495CA1F7E2EDD0058D85B /* Debug */ = {
			isa = XCBuildConfiguration;
			buildSettings = {
				ALWAYS_SEARCH_USER_PATHS = NO;
				CLANG_ANALYZER_NONNULL = YES;
				CLANG_ANALYZER_NUMBER_OBJECT_CONVERSION = YES_AGGRESSIVE;
				CLANG_CXX_LANGUAGE_STANDARD = "gnu++0x";
				CLANG_CXX_LIBRARY = "libc++";
				CLANG_ENABLE_MODULES = YES;
				CLANG_ENABLE_OBJC_ARC = YES;
				CLANG_WARN_BOOL_CONVERSION = YES;
				CLANG_WARN_CONSTANT_CONVERSION = YES;
				CLANG_WARN_DIRECT_OBJC_ISA_USAGE = YES_ERROR;
				CLANG_WARN_DOCUMENTATION_COMMENTS = YES;
				CLANG_WARN_EMPTY_BODY = YES;
				CLANG_WARN_ENUM_CONVERSION = YES;
				CLANG_WARN_INFINITE_RECURSION = YES;
				CLANG_WARN_INT_CONVERSION = YES;
				CLANG_WARN_OBJC_ROOT_CLASS = YES_ERROR;
				CLANG_WARN_SUSPICIOUS_MOVE = YES;
				CLANG_WARN_UNREACHABLE_CODE = YES;
				CLANG_WARN__DUPLICATE_METHOD_MATCH = YES;
				"CODE_SIGN_IDENTITY[sdk=iphoneos*]" = "iPhone Developer";
				COPY_PHASE_STRIP = NO;
				DEBUG_INFORMATION_FORMAT = dwarf;
				ENABLE_STRICT_OBJC_MSGSEND = YES;
				ENABLE_TESTABILITY = YES;
				GCC_C_LANGUAGE_STANDARD = gnu99;
				GCC_DYNAMIC_NO_PIC = NO;
				GCC_NO_COMMON_BLOCKS = YES;
				GCC_OPTIMIZATION_LEVEL = 0;
				GCC_PREPROCESSOR_DEFINITIONS = (
					"DEBUG=1",
					"$(inherited)",
				);
				GCC_WARN_64_TO_32_BIT_CONVERSION = YES;
				GCC_WARN_ABOUT_RETURN_TYPE = YES_ERROR;
				GCC_WARN_UNDECLARED_SELECTOR = YES;
				GCC_WARN_UNINITIALIZED_AUTOS = YES_AGGRESSIVE;
				GCC_WARN_UNUSED_FUNCTION = YES;
				GCC_WARN_UNUSED_VARIABLE = YES;
				IPHONEOS_DEPLOYMENT_TARGET = 10.3;
				MTL_ENABLE_DEBUG_INFO = YES;
				ONLY_ACTIVE_ARCH = YES;
				SDKROOT = iphoneos;
				SWIFT_ACTIVE_COMPILATION_CONDITIONS = DEBUG;
				SWIFT_OPTIMIZATION_LEVEL = "-Onone";
				TARGETED_DEVICE_FAMILY = 2;
			};
			name = Debug;
		};
		3D2495CB1F7E2EDD0058D85B /* Release */ = {
			isa = XCBuildConfiguration;
			buildSettings = {
				ALWAYS_SEARCH_USER_PATHS = NO;
				CLANG_ANALYZER_NONNULL = YES;
				CLANG_ANALYZER_NUMBER_OBJECT_CONVERSION = YES_AGGRESSIVE;
				CLANG_CXX_LANGUAGE_STANDARD = "gnu++0x";
				CLANG_CXX_LIBRARY = "libc++";
				CLANG_ENABLE_MODULES = YES;
				CLANG_ENABLE_OBJC_ARC = YES;
				CLANG_WARN_BOOL_CONVERSION = YES;
				CLANG_WARN_CONSTANT_CONVERSION = YES;
				CLANG_WARN_DIRECT_OBJC_ISA_USAGE = YES_ERROR;
				CLANG_WARN_DOCUMENTATION_COMMENTS = YES;
				CLANG_WARN_EMPTY_BODY = YES;
				CLANG_WARN_ENUM_CONVERSION = YES;
				CLANG_WARN_INFINITE_RECURSION = YES;
				CLANG_WARN_INT_CONVERSION = YES;
				CLANG_WARN_OBJC_ROOT_CLASS = YES_ERROR;
				CLANG_WARN_SUSPICIOUS_MOVE = YES;
				CLANG_WARN_UNREACHABLE_CODE = YES;
				CLANG_WARN__DUPLICATE_METHOD_MATCH = YES;
				"CODE_SIGN_IDENTITY[sdk=iphoneos*]" = "iPhone Developer";
				COPY_PHASE_STRIP = NO;
				DEBUG_INFORMATION_FORMAT = "dwarf-with-dsym";
				ENABLE_NS_ASSERTIONS = NO;
				ENABLE_STRICT_OBJC_MSGSEND = YES;
				GCC_C_LANGUAGE_STANDARD = gnu99;
				GCC_NO_COMMON_BLOCKS = YES;
				GCC_WARN_64_TO_32_BIT_CONVERSION = YES;
				GCC_WARN_ABOUT_RETURN_TYPE = YES_ERROR;
				GCC_WARN_UNDECLARED_SELECTOR = YES;
				GCC_WARN_UNINITIALIZED_AUTOS = YES_AGGRESSIVE;
				GCC_WARN_UNUSED_FUNCTION = YES;
				GCC_WARN_UNUSED_VARIABLE = YES;
				IPHONEOS_DEPLOYMENT_TARGET = 10.3;
				MTL_ENABLE_DEBUG_INFO = NO;
				SDKROOT = iphoneos;
				SWIFT_OPTIMIZATION_LEVEL = "-Owholemodule";
				TARGETED_DEVICE_FAMILY = 2;
				VALIDATE_PRODUCT = YES;
			};
			name = Release;
		};
		3D2495CD1F7E2EDD0058D85B /* Debug */ = {
			isa = XCBuildConfiguration;
			buildSettings = {
				ASSETCATALOG_COMPILER_APPICON_NAME = AppIcon;
				DEVELOPMENT_TEAM = A8E56ATQFS;
				INFOPLIST_FILE = MedQuiz/Info.plist;
				LD_RUNPATH_SEARCH_PATHS = "$(inherited) @executable_path/Frameworks";
				PRODUCT_BUNDLE_IDENTIFIER = com.frontback.MedQuiz;
				PRODUCT_NAME = "$(TARGET_NAME)";
				SWIFT_VERSION = 3.0;
				TARGETED_DEVICE_FAMILY = 2;
			};
			name = Debug;
		};
		3D2495CE1F7E2EDD0058D85B /* Release */ = {
			isa = XCBuildConfiguration;
			buildSettings = {
				ASSETCATALOG_COMPILER_APPICON_NAME = AppIcon;
				DEVELOPMENT_TEAM = A8E56ATQFS;
				INFOPLIST_FILE = MedQuiz/Info.plist;
				LD_RUNPATH_SEARCH_PATHS = "$(inherited) @executable_path/Frameworks";
				PRODUCT_BUNDLE_IDENTIFIER = com.frontback.MedQuiz;
				PRODUCT_NAME = "$(TARGET_NAME)";
				SWIFT_VERSION = 3.0;
				TARGETED_DEVICE_FAMILY = 2;
			};
			name = Release;
		};
		3D2495D01F7E2EDD0058D85B /* Debug */ = {
			isa = XCBuildConfiguration;
			buildSettings = {
				ALWAYS_EMBED_SWIFT_STANDARD_LIBRARIES = YES;
				BUNDLE_LOADER = "$(TEST_HOST)";
				INFOPLIST_FILE = MedQuizTests/Info.plist;
				LD_RUNPATH_SEARCH_PATHS = "$(inherited) @executable_path/Frameworks @loader_path/Frameworks";
				PRODUCT_BUNDLE_IDENTIFIER = com.frontback.MedQuizTests;
				PRODUCT_NAME = "$(TARGET_NAME)";
				SWIFT_VERSION = 3.0;
				TEST_HOST = "$(BUILT_PRODUCTS_DIR)/MedQuiz.app/MedQuiz";
			};
			name = Debug;
		};
		3D2495D11F7E2EDD0058D85B /* Release */ = {
			isa = XCBuildConfiguration;
			buildSettings = {
				ALWAYS_EMBED_SWIFT_STANDARD_LIBRARIES = YES;
				BUNDLE_LOADER = "$(TEST_HOST)";
				INFOPLIST_FILE = MedQuizTests/Info.plist;
				LD_RUNPATH_SEARCH_PATHS = "$(inherited) @executable_path/Frameworks @loader_path/Frameworks";
				PRODUCT_BUNDLE_IDENTIFIER = com.frontback.MedQuizTests;
				PRODUCT_NAME = "$(TARGET_NAME)";
				SWIFT_VERSION = 3.0;
				TEST_HOST = "$(BUILT_PRODUCTS_DIR)/MedQuiz.app/MedQuiz";
			};
			name = Release;
		};
		3D2495D31F7E2EDD0058D85B /* Debug */ = {
			isa = XCBuildConfiguration;
			buildSettings = {
				ALWAYS_EMBED_SWIFT_STANDARD_LIBRARIES = YES;
				INFOPLIST_FILE = MedQuizUITests/Info.plist;
				LD_RUNPATH_SEARCH_PATHS = "$(inherited) @executable_path/Frameworks @loader_path/Frameworks";
				PRODUCT_BUNDLE_IDENTIFIER = com.frontback.MedQuizUITests;
				PRODUCT_NAME = "$(TARGET_NAME)";
				SWIFT_VERSION = 3.0;
				TEST_TARGET_NAME = MedQuiz;
			};
			name = Debug;
		};
		3D2495D41F7E2EDD0058D85B /* Release */ = {
			isa = XCBuildConfiguration;
			buildSettings = {
				ALWAYS_EMBED_SWIFT_STANDARD_LIBRARIES = YES;
				INFOPLIST_FILE = MedQuizUITests/Info.plist;
				LD_RUNPATH_SEARCH_PATHS = "$(inherited) @executable_path/Frameworks @loader_path/Frameworks";
				PRODUCT_BUNDLE_IDENTIFIER = com.frontback.MedQuizUITests;
				PRODUCT_NAME = "$(TARGET_NAME)";
				SWIFT_VERSION = 3.0;
				TEST_TARGET_NAME = MedQuiz;
			};
			name = Release;
		};
/* End XCBuildConfiguration section */

/* Begin XCConfigurationList section */
		3D24959F1F7E2EDC0058D85B /* Build configuration list for PBXProject "MedQuiz" */ = {
			isa = XCConfigurationList;
			buildConfigurations = (
				3D2495CA1F7E2EDD0058D85B /* Debug */,
				3D2495CB1F7E2EDD0058D85B /* Release */,
			);
			defaultConfigurationIsVisible = 0;
			defaultConfigurationName = Release;
		};
		3D2495CC1F7E2EDD0058D85B /* Build configuration list for PBXNativeTarget "MedQuiz" */ = {
			isa = XCConfigurationList;
			buildConfigurations = (
				3D2495CD1F7E2EDD0058D85B /* Debug */,
				3D2495CE1F7E2EDD0058D85B /* Release */,
			);
			defaultConfigurationIsVisible = 0;
			defaultConfigurationName = Release;
		};
		3D2495CF1F7E2EDD0058D85B /* Build configuration list for PBXNativeTarget "MedQuizTests" */ = {
			isa = XCConfigurationList;
			buildConfigurations = (
				3D2495D01F7E2EDD0058D85B /* Debug */,
				3D2495D11F7E2EDD0058D85B /* Release */,
			);
			defaultConfigurationIsVisible = 0;
			defaultConfigurationName = Release;
		};
		3D2495D21F7E2EDD0058D85B /* Build configuration list for PBXNativeTarget "MedQuizUITests" */ = {
			isa = XCConfigurationList;
			buildConfigurations = (
				3D2495D31F7E2EDD0058D85B /* Debug */,
				3D2495D41F7E2EDD0058D85B /* Release */,
			);
			defaultConfigurationIsVisible = 0;
			defaultConfigurationName = Release;
		};
/* End XCConfigurationList section */
	};
	rootObject = 3D24959C1F7E2EDC0058D85B /* Project object */;
}
